<?xml version="1.0" encoding="utf-8"?>
<Project ToolsVersion="4.0" xmlns="http://schemas.microsoft.com/developer/msbuild/2003">
  <ItemGroup>
    <Filter Include="Inherited Headerfiles">
      <UniqueIdentifier>{5ed87467-a8eb-490d-aed7-1fe6a515a267}</UniqueIdentifier>
    </Filter>
    <Filter Include="Inherited Sourcefiles">
      <UniqueIdentifier>{ede66a76-9fca-4124-9d49-12594a7f9d9c}</UniqueIdentifier>
    </Filter>
    <Filter Include="Manager Headerfiles">
      <UniqueIdentifier>{0efcd457-8106-44df-9ed7-bab73eed8c46}</UniqueIdentifier>
    </Filter>
    <Filter Include="Manager Sourcefiles">
      <UniqueIdentifier>{0e263123-ecd8-47cb-8eb7-99d2b48e2a67}</UniqueIdentifier>
    </Filter>
    <Filter Include="NodeSystem Headerfiles">
      <UniqueIdentifier>{7df06475-c793-4a84-af9e-5ac70dca2f0b}</UniqueIdentifier>
    </Filter>
    <Filter Include="GlobalsHeader">
      <UniqueIdentifier>{eb364976-e656-4fd8-9025-29f677fff608}</UniqueIdentifier>
    </Filter>
    <Filter Include="Core Headerfiles">
      <UniqueIdentifier>{93995380-89BD-4b04-88EB-625FBE52EBFB}</UniqueIdentifier>
      <Extensions>h;hh;hpp;hxx;hm;inl;inc;xsd</Extensions>
    </Filter>
    <Filter Include="Core Sourcefiles">
      <UniqueIdentifier>{4FC737F1-C7A5-4376-A066-2A32D752A2FF}</UniqueIdentifier>
      <Extensions>cpp;c;cc;cxx;def;odl;idl;hpj;bat;asm;asmx</Extensions>
    </Filter>
    <Filter Include="NodeSystem Sourcefiles">
      <UniqueIdentifier>{83842625-3da4-45fc-8724-1973e6469896}</UniqueIdentifier>
    </Filter>
    <Filter Include="Rendering Source">
      <UniqueIdentifier>{5fc76b93-d1be-44fe-961b-977db8f99469}</UniqueIdentifier>
    </Filter>
    <Filter Include="Rendering Header">
      <UniqueIdentifier>{72a4b18b-3c85-4838-b525-b612e4fcde7e}</UniqueIdentifier>
    </Filter>
    <Filter Include="Shader">
      <UniqueIdentifier>{1c42ba99-0025-4fd0-82f9-d86954efe8b8}</UniqueIdentifier>
    </Filter>
    <Filter Include="GUIHeaderfiles">
      <UniqueIdentifier>{14ed5381-f887-4600-943c-1bb06228da60}</UniqueIdentifier>
    </Filter>
    <Filter Include="GUISourcefiles">
      <UniqueIdentifier>{de18f02e-a02d-4f64-85f8-537aea1356b5}</UniqueIdentifier>
    </Filter>
  </ItemGroup>
  <ItemGroup>
    <ClCompile Include="src\WinMain.cpp">
      <Filter>Core Sourcefiles</Filter>
    </ClCompile>
    <ClCompile Include="src\MessageSystem.cpp">
      <Filter>Core Sourcefiles</Filter>
    </ClCompile>
    <ClCompile Include="src\Object.cpp">
      <Filter>Core Sourcefiles</Filter>
    </ClCompile>
    <ClCompile Include="src\IntegerVariable.cpp">
      <Filter>Inherited Sourcefiles</Filter>
    </ClCompile>
    <ClCompile Include="src\FloatVariable.cpp">
      <Filter>Inherited Sourcefiles</Filter>
    </ClCompile>
    <ClCompile Include="src\ProjectManager.cpp">
      <Filter>Manager Sourcefiles</Filter>
    </ClCompile>
    <ClCompile Include="src\Formula.cpp">
      <Filter>Core Sourcefiles</Filter>
    </ClCompile>
    <ClCompile Include="src\VariableNodes.cpp">
      <Filter>NodeSystem Sourcefiles</Filter>
    </ClCompile>
    <ClCompile Include="src\OperatorNodes.cpp">
      <Filter>NodeSystem Sourcefiles</Filter>
    </ClCompile>
    <ClCompile Include="src\LoadSystem.cpp">
      <Filter>Core Sourcefiles</Filter>
    </ClCompile>
    <ClCompile Include="src\AppManager.cpp">
      <Filter>Manager Sourcefiles</Filter>
    </ClCompile>
    <ClCompile Include="src\DX11.cpp">
      <Filter>Rendering Source</Filter>
    </ClCompile>
    <ClCompile Include="src\Timer.cpp">
      <Filter>Rendering Source</Filter>
    </ClCompile>
    <ClCompile Include="src\DX11Graph.cpp">
      <Filter>Rendering Source</Filter>
    </ClCompile>
    <ClCompile Include="src\imgui.cpp">
      <Filter>GUISourcefiles</Filter>
    </ClCompile>
    <ClCompile Include="src\imgui_draw.cpp">
      <Filter>GUISourcefiles</Filter>
    </ClCompile>
    <ClCompile Include="src\DX11Map.cpp">
      <Filter>Rendering Source</Filter>
    </ClCompile>
    <ClCompile Include="src\DX11BaseWindow.cpp">
      <Filter>Rendering Source</Filter>
    </ClCompile>
    <ClCompile Include="src\imgui_demo.cpp">
      <Filter>GUISourcefiles</Filter>
    </ClCompile>
  </ItemGroup>
  <ItemGroup>
    <ClInclude Include="src\include\MessageSystem.h">
      <Filter>Core Headerfiles</Filter>
    </ClInclude>
    <ClInclude Include="src\include\Object.h">
      <Filter>Core Headerfiles</Filter>
    </ClInclude>
    <ClInclude Include="src\include\IntegerVariable.h">
      <Filter>Inherited Headerfiles</Filter>
    </ClInclude>
    <ClInclude Include="src\include\FloatVariable.h">
      <Filter>Inherited Headerfiles</Filter>
    </ClInclude>
    <ClInclude Include="src\include\ProjectManager.h">
      <Filter>Manager Headerfiles</Filter>
    </ClInclude>
    <ClInclude Include="src\include\Formula.h">
      <Filter>Core Headerfiles</Filter>
    </ClInclude>
    <ClInclude Include="src\include\BaseNode.h">
      <Filter>NodeSystem Headerfiles</Filter>
    </ClInclude>
    <ClInclude Include="src\include\BaseVariable.h">
      <Filter>Core Headerfiles</Filter>
    </ClInclude>
    <ClInclude Include="src\include\GlobalEnums.h">
      <Filter>GlobalsHeader</Filter>
    </ClInclude>
    <ClInclude Include="src\include\OperatorNodes.h">
      <Filter>NodeSystem Headerfiles</Filter>
    </ClInclude>
    <ClInclude Include="src\include\AddNode.h">
      <Filter>NodeSystem Headerfiles</Filter>
    </ClInclude>
    <ClInclude Include="src\include\VariableNodes.h">
      <Filter>NodeSystem Headerfiles</Filter>
    </ClInclude>
    <ClInclude Include="src\include\GlobalStructs.h">
      <Filter>GlobalsHeader</Filter>
    </ClInclude>
    <ClInclude Include="src\include\LoadSystem.h">
      <Filter>Core Headerfiles</Filter>
    </ClInclude>
    <ClInclude Include="src\include\AppManager.h">
      <Filter>Manager Headerfiles</Filter>
    </ClInclude>
    <ClInclude Include="src\include\DX11.h">
      <Filter>Rendering Header</Filter>
    </ClInclude>
    <ClInclude Include="src\include\Timer.h">
      <Filter>Rendering Header</Filter>
    </ClInclude>
    <ClInclude Include="src\include\DX11Graph.h">
      <Filter>Rendering Header</Filter>
    </ClInclude>
    <ClInclude Include="src\include\imconfig.h">
      <Filter>GUIHeaderfiles</Filter>
    </ClInclude>
    <ClInclude Include="src\include\imgui.h">
      <Filter>GUIHeaderfiles</Filter>
    </ClInclude>
    <ClInclude Include="src\include\imgui_internal.h">
      <Filter>GUIHeaderfiles</Filter>
    </ClInclude>
    <ClInclude Include="src\include\stb_rect_pack.h">
      <Filter>GUIHeaderfiles</Filter>
    </ClInclude>
    <ClInclude Include="src\include\stb_textedit.h">
      <Filter>GUIHeaderfiles</Filter>
    </ClInclude>
    <ClInclude Include="src\include\stb_truetype.h">
      <Filter>GUIHeaderfiles</Filter>
    </ClInclude>
    <ClInclude Include="src\include\DX11Map.h">
      <Filter>Rendering Header</Filter>
    </ClInclude>
    <ClInclude Include="src\include\DXDefines.h">
      <Filter>Rendering Header</Filter>
    </ClInclude>
    <ClInclude Include="src\include\DX11BaseWindow.h">
      <Filter>Rendering Header</Filter>
    </ClInclude>
  </ItemGroup>
  <ItemGroup>
    <None Include="VS\GraphV.Shader">
      <Filter>Shader</Filter>
    </None>
    <None Include="PS\GraphP.Shader">
      <Filter>Shader</Filter>
    </None>
  </ItemGroup>
</Project>